github.com/clong1995/go-config v0.0.0-20241018013119-7c9eb1a671ac h1:sTLgn8sqKxvvnfdrEdwnDc4Rd7+F9vyum0u1b657fl0=
github.com/clong1995/go-config v0.0.0-20241018013119-7c9eb1a671ac/go.mod h1:U+8aUkJjLYIimbrAobYsvM/GBDOgPjFZQaAqE2mL0GM=
github.com/clong1995/go-encipher v0.0.0-20241118102305-9d6c7d5b3a2e h1:KNuOuwOlRULW1ekNfCUQt8fNbLOnIgdd+6jjkN0NyQQ=
github.com/clong1995/go-encipher v0.0.0-20241118102305-9d6c7d5b3a2e/go.mod h1:J7sjI2arFCNRdxDg6aP7ps/D6+SupS9euFI24qNUsBM=
